
Microsoft Visual Studio Solution File, Format Version 12.00
# Visual Studio Version 16
VisualStudioVersion = 16.0.32228.343
MinimumVisualStudioVersion = 10.0.40219.1
Project("{FAE04EC0-301F-11D3-BF4B-00C04F79EFBC}") = "mantis-tests", "mantis-tests.csproj", "{DD800530-3D58-4F9A-B080-92EDED7ACBA5}"
EndProject
Global
	GlobalSection(SolutionConfigurationPlatforms) = preSolution
		Debug|Any CPU = Debug|Any CPU
		Release|Any CPU = Release|Any CPU
	EndGlobalSection
	GlobalSection(ProjectConfigurationPlatforms) = postSolution
		{DD800530-3D58-4F9A-B080-92EDED7ACBA5}.Debug|Any CPU.ActiveCfg = Debug|Any CPU
		{DD800530-3D58-4F9A-B080-92EDED7ACBA5}.Debug|Any CPU.Build.0 = Debug|Any CPU
		{DD800530-3D58-4F9A-B080-92EDED7ACBA5}.Release|Any CPU.ActiveCfg = Release|Any CPU
		{DD800530-3D58-4F9A-B080-92EDED7ACBA5}.Release|Any CPU.Build.0 = Release|Any CPU
	EndGlobalSection
	GlobalSection(SolutionProperties) = preSolution
		HideSolutionNode = FALSE
	EndGlobalSection
	GlobalSection(ExtensibilityGlobals) = postSolution
		SolutionGuid = {68117733-B799-4733-B450-F632FEE7F880}
	EndGlobalSection
EndGlobal
